// !$*UTF8*$!
{
	archiveVersion = 1;
	classes = {
	};
	objectVersion = 52;
	objects = {

/* Begin PBXBuildFile section */
		100C7DBB25FF54B4007B2295 /* AppDelegate.swift in Sources */ = {isa = PBXBuildFile; fileRef = 100C7DBA25FF54B4007B2295 /* AppDelegate.swift */; };
		100C7DBD25FF54B4007B2295 /* SceneDelegate.swift in Sources */ = {isa = PBXBuildFile; fileRef = 100C7DBC25FF54B4007B2295 /* SceneDelegate.swift */; };
		100C7DBF25FF54B4007B2295 /* ViewController.swift in Sources */ = {isa = PBXBuildFile; fileRef = 100C7DBE25FF54B4007B2295 /* ViewController.swift */; };
		100C7DC225FF54B4007B2295 /* Main.storyboard in Resources */ = {isa = PBXBuildFile; fileRef = 100C7DC025FF54B4007B2295 /* Main.storyboard */; };
		100C7DC425FF54BD007B2295 /* Assets.xcassets in Resources */ = {isa = PBXBuildFile; fileRef = 100C7DC325FF54BD007B2295 /* Assets.xcassets */; };
		100C7DC725FF54BD007B2295 /* LaunchScreen.storyboard in Resources */ = {isa = PBXBuildFile; fileRef = 100C7DC525FF54BD007B2295 /* LaunchScreen.storyboard */; };
		100C7DD225FF54BD007B2295 /* TestSampleAppTests.swift in Sources */ = {isa = PBXBuildFile; fileRef = 100C7DD125FF54BD007B2295 /* TestSampleAppTests.swift */; };
		100C7DDD25FF54BD007B2295 /* TestSampleAppUITests.swift in Sources */ = {isa = PBXBuildFile; fileRef = 100C7DDC25FF54BD007B2295 /* TestSampleAppUITests.swift */; };
		100C7DEB25FF5A1C007B2295 /* PasswordValidator.swift in Sources */ = {isa = PBXBuildFile; fileRef = 100C7DEA25FF5A1C007B2295 /* PasswordValidator.swift */; };
		100C7DED26009B2A007B2295 /* AsyncString.swift in Sources */ = {isa = PBXBuildFile; fileRef = 100C7DEC26009B2A007B2295 /* AsyncString.swift */; };
		100C7DEF26009BC6007B2295 /* AsyncStringTests.swift in Sources */ = {isa = PBXBuildFile; fileRef = 100C7DEE26009BC6007B2295 /* AsyncStringTests.swift */; };
		100C7DF1260393BF007B2295 /* LoggerProtocol.swift in Sources */ = {isa = PBXBuildFile; fileRef = 100C7DF0260393BF007B2295 /* LoggerProtocol.swift */; };
		100C7DF326039DAD007B2295 /* User.swift in Sources */ = {isa = PBXBuildFile; fileRef = 100C7DF226039DAD007B2295 /* User.swift */; };
		100C7DF526039DCA007B2295 /* APIManager.swift in Sources */ = {isa = PBXBuildFile; fileRef = 100C7DF426039DCA007B2295 /* APIManager.swift */; };
		100C7DF72603A02D007B2295 /* UserManager.swift in Sources */ = {isa = PBXBuildFile; fileRef = 100C7DF62603A02D007B2295 /* UserManager.swift */; };
		100C7DFF2603A3B9007B2295 /* UserManagerTests.swift in Sources */ = {isa = PBXBuildFile; fileRef = 100C7DFE2603A3B9007B2295 /* UserManagerTests.swift */; };
		100C7E072603AED5007B2295 /* OHHTTPStubsSwift in Frameworks */ = {isa = PBXBuildFile; productRef = 100C7E062603AED5007B2295 /* OHHTTPStubsSwift */; };
		100C7E092603AED5007B2295 /* OHHTTPStubs in Frameworks */ = {isa = PBXBuildFile; productRef = 100C7E082603AED5007B2295 /* OHHTTPStubs */; };
		100C7E0B2603B643007B2295 /* User.json in Resources */ = {isa = PBXBuildFile; fileRef = 100C7E0A2603B643007B2295 /* User.json */; };
		10F8469C26048712005948E1 /* Quick in Frameworks */ = {isa = PBXBuildFile; productRef = 10F8469B26048712005948E1 /* Quick */; };
		10F8469F260487E9005948E1 /* Nimble in Frameworks */ = {isa = PBXBuildFile; productRef = 10F8469E260487E9005948E1 /* Nimble */; };
		10F846A126049008005948E1 /* BasicSpec.swift in Sources */ = {isa = PBXBuildFile; fileRef = 10F846A026049008005948E1 /* BasicSpec.swift */; };
		10F846A326049166005948E1 /* Counter.swift in Sources */ = {isa = PBXBuildFile; fileRef = 10F846A226049166005948E1 /* Counter.swift */; };
		10F846A5260491FB005948E1 /* CounterSpec.swift in Sources */ = {isa = PBXBuildFile; fileRef = 10F846A4260491FB005948E1 /* CounterSpec.swift */; };
		10F846A72604976C005948E1 /* CountableBehaviorSpec.swift in Sources */ = {isa = PBXBuildFile; fileRef = 10F846A62604976C005948E1 /* CountableBehaviorSpec.swift */; };
		1B5CD02E260CD00F003F598B /* Person.swift in Sources */ = {isa = PBXBuildFile; fileRef = 1B5CD02D260CD00F003F598B /* Person.swift */; };
		1B5CD033260CD0BE003F598B /* PersonTests.swift in Sources */ = {isa = PBXBuildFile; fileRef = 1B5CD032260CD0BE003F598B /* PersonTests.swift */; };
		1B5CD03826197B69003F598B /* echo.swift in Sources */ = {isa = PBXBuildFile; fileRef = 1B5CD03726197B69003F598B /* echo.swift */; };
		1B5CD03D26197C50003F598B /* EchoTests.swift in Sources */ = {isa = PBXBuildFile; fileRef = 1B5CD03C26197C50003F598B /* EchoTests.swift */; };
/* End PBXBuildFile section */

/* Begin PBXContainerItemProxy section */
		100C7DCE25FF54BD007B2295 /* PBXContainerItemProxy */ = {
			isa = PBXContainerItemProxy;
			containerPortal = 100C7DAF25FF54B4007B2295 /* Project object */;
			proxyType = 1;
			remoteGlobalIDString = 100C7DB625FF54B4007B2295;
			remoteInfo = TestSampleApp;
		};
		100C7DD925FF54BD007B2295 /* PBXContainerItemProxy */ = {
			isa = PBXContainerItemProxy;
			containerPortal = 100C7DAF25FF54B4007B2295 /* Project object */;
			proxyType = 1;
			remoteGlobalIDString = 100C7DB625FF54B4007B2295;
			remoteInfo = TestSampleApp;
		};
/* End PBXContainerItemProxy section */

/* Begin PBXFileReference section */
		100C7DB725FF54B4007B2295 /* TestSampleApp.app */ = {isa = PBXFileReference; explicitFileType = wrapper.application; includeInIndex = 0; path = TestSampleApp.app; sourceTree = BUILT_PRODUCTS_DIR; };
		100C7DBA25FF54B4007B2295 /* AppDelegate.swift */ = {isa = PBXFileReference; lastKnownFileType = sourcecode.swift; path = AppDelegate.swift; sourceTree = "<group>"; };
		100C7DBC25FF54B4007B2295 /* SceneDelegate.swift */ = {isa = PBXFileReference; lastKnownFileType = sourcecode.swift; path = SceneDelegate.swift; sourceTree = "<group>"; };
		100C7DBE25FF54B4007B2295 /* ViewController.swift */ = {isa = PBXFileReference; lastKnownFileType = sourcecode.swift; path = ViewController.swift; sourceTree = "<group>"; };
		100C7DC125FF54B4007B2295 /* Base */ = {isa = PBXFileReference; lastKnownFileType = file.storyboard; name = Base; path = Base.lproj/Main.storyboard; sourceTree = "<group>"; };
		100C7DC325FF54BD007B2295 /* Assets.xcassets */ = {isa = PBXFileReference; lastKnownFileType = folder.assetcatalog; path = Assets.xcassets; sourceTree = "<group>"; };
		100C7DC625FF54BD007B2295 /* Base */ = {isa = PBXFileReference; lastKnownFileType = file.storyboard; name = Base; path = Base.lproj/LaunchScreen.storyboard; sourceTree = "<group>"; };
		100C7DC825FF54BD007B2295 /* Info.plist */ = {isa = PBXFileReference; lastKnownFileType = text.plist.xml; path = Info.plist; sourceTree = "<group>"; };
		100C7DCD25FF54BD007B2295 /* TestSampleAppTests.xctest */ = {isa = PBXFileReference; explicitFileType = wrapper.cfbundle; includeInIndex = 0; path = TestSampleAppTests.xctest; sourceTree = BUILT_PRODUCTS_DIR; };
		100C7DD125FF54BD007B2295 /* TestSampleAppTests.swift */ = {isa = PBXFileReference; lastKnownFileType = sourcecode.swift; path = TestSampleAppTests.swift; sourceTree = "<group>"; };
		100C7DD325FF54BD007B2295 /* Info.plist */ = {isa = PBXFileReference; lastKnownFileType = text.plist.xml; path = Info.plist; sourceTree = "<group>"; };
		100C7DD825FF54BD007B2295 /* TestSampleAppUITests.xctest */ = {isa = PBXFileReference; explicitFileType = wrapper.cfbundle; includeInIndex = 0; path = TestSampleAppUITests.xctest; sourceTree = BUILT_PRODUCTS_DIR; };
		100C7DDC25FF54BD007B2295 /* TestSampleAppUITests.swift */ = {isa = PBXFileReference; lastKnownFileType = sourcecode.swift; path = TestSampleAppUITests.swift; sourceTree = "<group>"; };
		100C7DDE25FF54BD007B2295 /* Info.plist */ = {isa = PBXFileReference; lastKnownFileType = text.plist.xml; path = Info.plist; sourceTree = "<group>"; };
		100C7DEA25FF5A1C007B2295 /* PasswordValidator.swift */ = {isa = PBXFileReference; lastKnownFileType = sourcecode.swift; path = PasswordValidator.swift; sourceTree = "<group>"; };
		100C7DEC26009B2A007B2295 /* AsyncString.swift */ = {isa = PBXFileReference; lastKnownFileType = sourcecode.swift; path = AsyncString.swift; sourceTree = "<group>"; };
		100C7DEE26009BC6007B2295 /* AsyncStringTests.swift */ = {isa = PBXFileReference; lastKnownFileType = sourcecode.swift; path = AsyncStringTests.swift; sourceTree = "<group>"; };
		100C7DF0260393BF007B2295 /* LoggerProtocol.swift */ = {isa = PBXFileReference; lastKnownFileType = sourcecode.swift; path = LoggerProtocol.swift; sourceTree = "<group>"; };
		100C7DF226039DAD007B2295 /* User.swift */ = {isa = PBXFileReference; lastKnownFileType = sourcecode.swift; path = User.swift; sourceTree = "<group>"; };
		100C7DF426039DCA007B2295 /* APIManager.swift */ = {isa = PBXFileReference; lastKnownFileType = sourcecode.swift; path = APIManager.swift; sourceTree = "<group>"; };
		100C7DF62603A02D007B2295 /* UserManager.swift */ = {isa = PBXFileReference; lastKnownFileType = sourcecode.swift; path = UserManager.swift; sourceTree = "<group>"; };
		100C7DFE2603A3B9007B2295 /* UserManagerTests.swift */ = {isa = PBXFileReference; lastKnownFileType = sourcecode.swift; path = UserManagerTests.swift; sourceTree = "<group>"; };
		100C7E0A2603B643007B2295 /* User.json */ = {isa = PBXFileReference; lastKnownFileType = text.json; path = User.json; sourceTree = "<group>"; };
		10F8469926047E7E005948E1 /* TestSampleAppTests.xctestplan */ = {isa = PBXFileReference; lastKnownFileType = text; path = TestSampleAppTests.xctestplan; sourceTree = "<group>"; };
		10F846A026049008005948E1 /* BasicSpec.swift */ = {isa = PBXFileReference; lastKnownFileType = sourcecode.swift; path = BasicSpec.swift; sourceTree = "<group>"; };
		10F846A226049166005948E1 /* Counter.swift */ = {isa = PBXFileReference; lastKnownFileType = sourcecode.swift; path = Counter.swift; sourceTree = "<group>"; };
		10F846A4260491FB005948E1 /* CounterSpec.swift */ = {isa = PBXFileReference; lastKnownFileType = sourcecode.swift; path = CounterSpec.swift; sourceTree = "<group>"; };
		10F846A62604976C005948E1 /* CountableBehaviorSpec.swift */ = {isa = PBXFileReference; lastKnownFileType = sourcecode.swift; path = CountableBehaviorSpec.swift; sourceTree = "<group>"; };
		1B5CD02D260CD00F003F598B /* Person.swift */ = {isa = PBXFileReference; lastKnownFileType = sourcecode.swift; path = Person.swift; sourceTree = "<group>"; };
		1B5CD032260CD0BE003F598B /* PersonTests.swift */ = {isa = PBXFileReference; lastKnownFileType = sourcecode.swift; path = PersonTests.swift; sourceTree = "<group>"; };
		1B5CD03726197B69003F598B /* echo.swift */ = {isa = PBXFileReference; lastKnownFileType = sourcecode.swift; path = echo.swift; sourceTree = "<group>"; };
		1B5CD03C26197C50003F598B /* EchoTests.swift */ = {isa = PBXFileReference; lastKnownFileType = sourcecode.swift; path = EchoTests.swift; sourceTree = "<group>"; };
/* End PBXFileReference section */

/* Begin PBXFrameworksBuildPhase section */
		100C7DB425FF54B4007B2295 /* Frameworks */ = {
			isa = PBXFrameworksBuildPhase;
			buildActionMask = 2147483647;
			files = (
			);
			runOnlyForDeploymentPostprocessing = 0;
		};
		100C7DCA25FF54BD007B2295 /* Frameworks */ = {
			isa = PBXFrameworksBuildPhase;
			buildActionMask = 2147483647;
			files = (
				10F8469C26048712005948E1 /* Quick in Frameworks */,
				10F8469F260487E9005948E1 /* Nimble in Frameworks */,
				100C7E072603AED5007B2295 /* OHHTTPStubsSwift in Frameworks */,
				100C7E092603AED5007B2295 /* OHHTTPStubs in Frameworks */,
			);
			runOnlyForDeploymentPostprocessing = 0;
		};
		100C7DD525FF54BD007B2295 /* Frameworks */ = {
			isa = PBXFrameworksBuildPhase;
			buildActionMask = 2147483647;
			files = (
			);
			runOnlyForDeploymentPostprocessing = 0;
		};
/* End PBXFrameworksBuildPhase section */

/* Begin PBXGroup section */
		100C7DAE25FF54B4007B2295 = {
			isa = PBXGroup;
			children = (
				100C7DB925FF54B4007B2295 /* TestSampleApp */,
				100C7DD025FF54BD007B2295 /* TestSampleAppTests */,
				100C7DDB25FF54BD007B2295 /* TestSampleAppUITests */,
				100C7DB825FF54B4007B2295 /* Products */,
			);
			sourceTree = "<group>";
		};
		100C7DB825FF54B4007B2295 /* Products */ = {
			isa = PBXGroup;
			children = (
				100C7DB725FF54B4007B2295 /* TestSampleApp.app */,
				100C7DCD25FF54BD007B2295 /* TestSampleAppTests.xctest */,
				100C7DD825FF54BD007B2295 /* TestSampleAppUITests.xctest */,
			);
			name = Products;
			sourceTree = "<group>";
		};
		100C7DB925FF54B4007B2295 /* TestSampleApp */ = {
			isa = PBXGroup;
			children = (
				100C7DBA25FF54B4007B2295 /* AppDelegate.swift */,
				100C7DBC25FF54B4007B2295 /* SceneDelegate.swift */,
				100C7DBE25FF54B4007B2295 /* ViewController.swift */,
				1B5CD02D260CD00F003F598B /* Person.swift */,
				100C7DC025FF54B4007B2295 /* Main.storyboard */,
				100C7DEC26009B2A007B2295 /* AsyncString.swift */,
				100C7DF426039DCA007B2295 /* APIManager.swift */,
				100C7DF62603A02D007B2295 /* UserManager.swift */,
				10F846A226049166005948E1 /* Counter.swift */,
				100C7DF0260393BF007B2295 /* LoggerProtocol.swift */,
				100C7DF226039DAD007B2295 /* User.swift */,
				100C7DC325FF54BD007B2295 /* Assets.xcassets */,
				100C7DC525FF54BD007B2295 /* LaunchScreen.storyboard */,
				100C7DC825FF54BD007B2295 /* Info.plist */,
				100C7DEA25FF5A1C007B2295 /* PasswordValidator.swift */,
				1B5CD03726197B69003F598B /* echo.swift */,
			);
			path = TestSampleApp;
			sourceTree = "<group>";
		};
		100C7DD025FF54BD007B2295 /* TestSampleAppTests */ = {
			isa = PBXGroup;
			children = (
				100C7DD125FF54BD007B2295 /* TestSampleAppTests.swift */,
				100C7DEE26009BC6007B2295 /* AsyncStringTests.swift */,
				10F846A026049008005948E1 /* BasicSpec.swift */,
				10F846A4260491FB005948E1 /* CounterSpec.swift */,
				10F846A62604976C005948E1 /* CountableBehaviorSpec.swift */,
				100C7DD325FF54BD007B2295 /* Info.plist */,
				100C7E0A2603B643007B2295 /* User.json */,
				100C7DFE2603A3B9007B2295 /* UserManagerTests.swift */,
				10F8469926047E7E005948E1 /* TestSampleAppTests.xctestplan */,
				1B5CD032260CD0BE003F598B /* PersonTests.swift */,
				1B5CD03C26197C50003F598B /* EchoTests.swift */,
			);
			path = TestSampleAppTests;
			sourceTree = "<group>";
		};
		100C7DDB25FF54BD007B2295 /* TestSampleAppUITests */ = {
			isa = PBXGroup;
			children = (
				100C7DDC25FF54BD007B2295 /* TestSampleAppUITests.swift */,
				100C7DDE25FF54BD007B2295 /* Info.plist */,
			);
			path = TestSampleAppUITests;
			sourceTree = "<group>";
		};
/* End PBXGroup section */

/* Begin PBXNativeTarget section */
		100C7DB625FF54B4007B2295 /* TestSampleApp */ = {
			isa = PBXNativeTarget;
			buildConfigurationList = 100C7DE125FF54BD007B2295 /* Build configuration list for PBXNativeTarget "TestSampleApp" */;
			buildPhases = (
				100C7DB325FF54B4007B2295 /* Sources */,
				100C7DB425FF54B4007B2295 /* Frameworks */,
				100C7DB525FF54B4007B2295 /* Resources */,
			);
			buildRules = (
			);
			dependencies = (
			);
			name = TestSampleApp;
			packageProductDependencies = (
			);
			productName = TestSampleApp;
			productReference = 100C7DB725FF54B4007B2295 /* TestSampleApp.app */;
			productType = "com.apple.product-type.application";
		};
		100C7DCC25FF54BD007B2295 /* TestSampleAppTests */ = {
			isa = PBXNativeTarget;
			buildConfigurationList = 100C7DE425FF54BD007B2295 /* Build configuration list for PBXNativeTarget "TestSampleAppTests" */;
			buildPhases = (
				100C7DC925FF54BD007B2295 /* Sources */,
				100C7DCA25FF54BD007B2295 /* Frameworks */,
				100C7DCB25FF54BD007B2295 /* Resources */,
			);
			buildRules = (
			);
			dependencies = (
				100C7DCF25FF54BD007B2295 /* PBXTargetDependency */,
			);
			name = TestSampleAppTests;
			packageProductDependencies = (
				100C7E062603AED5007B2295 /* OHHTTPStubsSwift */,
				100C7E082603AED5007B2295 /* OHHTTPStubs */,
				10F8469B26048712005948E1 /* Quick */,
				10F8469E260487E9005948E1 /* Nimble */,
			);
			productName = TestSampleAppTests;
			productReference = 100C7DCD25FF54BD007B2295 /* TestSampleAppTests.xctest */;
			productType = "com.apple.product-type.bundle.unit-test";
		};
		100C7DD725FF54BD007B2295 /* TestSampleAppUITests */ = {
			isa = PBXNativeTarget;
			buildConfigurationList = 100C7DE725FF54BD007B2295 /* Build configuration list for PBXNativeTarget "TestSampleAppUITests" */;
			buildPhases = (
				100C7DD425FF54BD007B2295 /* Sources */,
				100C7DD525FF54BD007B2295 /* Frameworks */,
				100C7DD625FF54BD007B2295 /* Resources */,
			);
			buildRules = (
			);
			dependencies = (
				100C7DDA25FF54BD007B2295 /* PBXTargetDependency */,
			);
			name = TestSampleAppUITests;
			productName = TestSampleAppUITests;
			productReference = 100C7DD825FF54BD007B2295 /* TestSampleAppUITests.xctest */;
			productType = "com.apple.product-type.bundle.ui-testing";
		};
/* End PBXNativeTarget section */

/* Begin PBXProject section */
		100C7DAF25FF54B4007B2295 /* Project object */ = {
			isa = PBXProject;
			attributes = {
				LastSwiftUpdateCheck = 1170;
				LastUpgradeCheck = 1170;
				ORGANIZATIONNAME = NagaseTakuya;
				TargetAttributes = {
					100C7DB625FF54B4007B2295 = {
						CreatedOnToolsVersion = 11.7;
					};
					100C7DCC25FF54BD007B2295 = {
						CreatedOnToolsVersion = 11.7;
						TestTargetID = 100C7DB625FF54B4007B2295;
					};
					100C7DD725FF54BD007B2295 = {
						CreatedOnToolsVersion = 11.7;
						TestTargetID = 100C7DB625FF54B4007B2295;
					};
				};
			};
			buildConfigurationList = 100C7DB225FF54B4007B2295 /* Build configuration list for PBXProject "TestSampleApp" */;
			compatibilityVersion = "Xcode 9.3";
			developmentRegion = en;
			hasScannedForEncodings = 0;
			knownRegions = (
				en,
				Base,
			);
			mainGroup = 100C7DAE25FF54B4007B2295;
			packageReferences = (
				100C7E052603AED5007B2295 /* XCRemoteSwiftPackageReference "OHHTTPStubs" */,
				10F8469A26048712005948E1 /* XCRemoteSwiftPackageReference "Quick" */,
				10F8469D260487E9005948E1 /* XCRemoteSwiftPackageReference "Nimble" */,
			);
			productRefGroup = 100C7DB825FF54B4007B2295 /* Products */;
			projectDirPath = "";
			projectRoot = "";
			targets = (
				100C7DB625FF54B4007B2295 /* TestSampleApp */,
				100C7DCC25FF54BD007B2295 /* TestSampleAppTests */,
				100C7DD725FF54BD007B2295 /* TestSampleAppUITests */,
			);
		};
/* End PBXProject section */

/* Begin PBXResourcesBuildPhase section */
		100C7DB525FF54B4007B2295 /* Resources */ = {
			isa = PBXResourcesBuildPhase;
			buildActionMask = 2147483647;
			files = (
				100C7DC725FF54BD007B2295 /* LaunchScreen.storyboard in Resources */,
				100C7DC425FF54BD007B2295 /* Assets.xcassets in Resources */,
				100C7DC225FF54B4007B2295 /* Main.storyboard in Resources */,
			);
			runOnlyForDeploymentPostprocessing = 0;
		};
		100C7DCB25FF54BD007B2295 /* Resources */ = {
			isa = PBXResourcesBuildPhase;
			buildActionMask = 2147483647;
			files = (
				100C7E0B2603B643007B2295 /* User.json in Resources */,
			);
			runOnlyForDeploymentPostprocessing = 0;
		};
		100C7DD625FF54BD007B2295 /* Resources */ = {
			isa = PBXResourcesBuildPhase;
			buildActionMask = 2147483647;
			files = (
			);
			runOnlyForDeploymentPostprocessing = 0;
		};
/* End PBXResourcesBuildPhase section */

/* Begin PBXSourcesBuildPhase section */
		100C7DB325FF54B4007B2295 /* Sources */ = {
			isa = PBXSourcesBuildPhase;
			buildActionMask = 2147483647;
			files = (
				1B5CD03826197B69003F598B /* echo.swift in Sources */,
				100C7DF72603A02D007B2295 /* UserManager.swift in Sources */,
				100C7DF526039DCA007B2295 /* APIManager.swift in Sources */,
				100C7DBF25FF54B4007B2295 /* ViewController.swift in Sources */,
				100C7DBB25FF54B4007B2295 /* AppDelegate.swift in Sources */,
				1B5CD02E260CD00F003F598B /* Person.swift in Sources */,
				10F846A326049166005948E1 /* Counter.swift in Sources */,
				100C7DBD25FF54B4007B2295 /* SceneDelegate.swift in Sources */,
				100C7DF1260393BF007B2295 /* LoggerProtocol.swift in Sources */,
				100C7DEB25FF5A1C007B2295 /* PasswordValidator.swift in Sources */,
				100C7DED26009B2A007B2295 /* AsyncString.swift in Sources */,
				100C7DF326039DAD007B2295 /* User.swift in Sources */,
			);
			runOnlyForDeploymentPostprocessing = 0;
		};
		100C7DC925FF54BD007B2295 /* Sources */ = {
			isa = PBXSourcesBuildPhase;
			buildActionMask = 2147483647;
			files = (
				10F846A72604976C005948E1 /* CountableBehaviorSpec.swift in Sources */,
				10F846A5260491FB005948E1 /* CounterSpec.swift in Sources */,
				1B5CD033260CD0BE003F598B /* PersonTests.swift in Sources */,
				100C7DFF2603A3B9007B2295 /* UserManagerTests.swift in Sources */,
				1B5CD03D26197C50003F598B /* EchoTests.swift in Sources */,
				100C7DD225FF54BD007B2295 /* TestSampleAppTests.swift in Sources */,
				100C7DEF26009BC6007B2295 /* AsyncStringTests.swift in Sources */,
				10F846A126049008005948E1 /* BasicSpec.swift in Sources */,
			);
			runOnlyForDeploymentPostprocessing = 0;
		};
		100C7DD425FF54BD007B2295 /* Sources */ = {
			isa = PBXSourcesBuildPhase;
			buildActionMask = 2147483647;
			files = (
				100C7DDD25FF54BD007B2295 /* TestSampleAppUITests.swift in Sources */,
			);
			runOnlyForDeploymentPostprocessing = 0;
		};
/* End PBXSourcesBuildPhase section */

/* Begin PBXTargetDependency section */
		100C7DCF25FF54BD007B2295 /* PBXTargetDependency */ = {
			isa = PBXTargetDependency;
			target = 100C7DB625FF54B4007B2295 /* TestSampleApp */;
			targetProxy = 100C7DCE25FF54BD007B2295 /* PBXContainerItemProxy */;
		};
		100C7DDA25FF54BD007B2295 /* PBXTargetDependency */ = {
			isa = PBXTargetDependency;
			target = 100C7DB625FF54B4007B2295 /* TestSampleApp */;
			targetProxy = 100C7DD925FF54BD007B2295 /* PBXContainerItemProxy */;
		};
/* End PBXTargetDependency section */

/* Begin PBXVariantGroup section */
		100C7DC025FF54B4007B2295 /* Main.storyboard */ = {
			isa = PBXVariantGroup;
			children = (
				100C7DC125FF54B4007B2295 /* Base */,
			);
			name = Main.storyboard;
			sourceTree = "<group>";
		};
		100C7DC525FF54BD007B2295 /* LaunchScreen.storyboard */ = {
			isa = PBXVariantGroup;
			children = (
				100C7DC625FF54BD007B2295 /* Base */,
			);
			name = LaunchScreen.storyboard;
			sourceTree = "<group>";
		};
/* End PBXVariantGroup section */

/* Begin XCBuildConfiguration section */
		100C7DDF25FF54BD007B2295 /* Debug */ = {
			isa = XCBuildConfiguration;
			buildSettings = {
				ALWAYS_SEARCH_USER_PATHS = NO;
				CLANG_ANALYZER_NONNULL = YES;
				CLANG_ANALYZER_NUMBER_OBJECT_CONVERSION = YES_AGGRESSIVE;
				CLANG_CXX_LANGUAGE_STANDARD = "gnu++14";
				CLANG_CXX_LIBRARY = "libc++";
				CLANG_ENABLE_MODULES = YES;
				CLANG_ENABLE_OBJC_ARC = YES;
				CLANG_ENABLE_OBJC_WEAK = YES;
				CLANG_WARN_BLOCK_CAPTURE_AUTORELEASING = YES;
				CLANG_WARN_BOOL_CONVERSION = YES;
				CLANG_WARN_COMMA = YES;
				CLANG_WARN_CONSTANT_CONVERSION = YES;
				CLANG_WARN_DEPRECATED_OBJC_IMPLEMENTATIONS = YES;
				CLANG_WARN_DIRECT_OBJC_ISA_USAGE = YES_ERROR;
				CLANG_WARN_DOCUMENTATION_COMMENTS = YES;
				CLANG_WARN_EMPTY_BODY = YES;
				CLANG_WARN_ENUM_CONVERSION = YES;
				CLANG_WARN_INFINITE_RECURSION = YES;
				CLANG_WARN_INT_CONVERSION = YES;
				CLANG_WARN_NON_LITERAL_NULL_CONVERSION = YES;
				CLANG_WARN_OBJC_IMPLICIT_RETAIN_SELF = YES;
				CLANG_WARN_OBJC_LITERAL_CONVERSION = YES;
				CLANG_WARN_OBJC_ROOT_CLASS = YES_ERROR;
				CLANG_WARN_RANGE_LOOP_ANALYSIS = YES;
				CLANG_WARN_STRICT_PROTOTYPES = YES;
				CLANG_WARN_SUSPICIOUS_MOVE = YES;
				CLANG_WARN_UNGUARDED_AVAILABILITY = YES_AGGRESSIVE;
				CLANG_WARN_UNREACHABLE_CODE = YES;
				CLANG_WARN__DUPLICATE_METHOD_MATCH = YES;
				COPY_PHASE_STRIP = NO;
				DEBUG_INFORMATION_FORMAT = dwarf;
				ENABLE_STRICT_OBJC_MSGSEND = YES;
				ENABLE_TESTABILITY = YES;
				GCC_C_LANGUAGE_STANDARD = gnu11;
				GCC_DYNAMIC_NO_PIC = NO;
				GCC_NO_COMMON_BLOCKS = YES;
				GCC_OPTIMIZATION_LEVEL = 0;
				GCC_PREPROCESSOR_DEFINITIONS = (
					"DEBUG=1",
					"$(inherited)",
				);
				GCC_WARN_64_TO_32_BIT_CONVERSION = YES;
				GCC_WARN_ABOUT_RETURN_TYPE = YES_ERROR;
				GCC_WARN_UNDECLARED_SELECTOR = YES;
				GCC_WARN_UNINITIALIZED_AUTOS = YES_AGGRESSIVE;
				GCC_WARN_UNUSED_FUNCTION = YES;
				GCC_WARN_UNUSED_VARIABLE = YES;
				IPHONEOS_DEPLOYMENT_TARGET = 13.7;
				MTL_ENABLE_DEBUG_INFO = INCLUDE_SOURCE;
				MTL_FAST_MATH = YES;
				ONLY_ACTIVE_ARCH = YES;
				SDKROOT = iphoneos;
				SWIFT_ACTIVE_COMPILATION_CONDITIONS = DEBUG;
				SWIFT_OPTIMIZATION_LEVEL = "-Onone";
			};
			name = Debug;
		};
		100C7DE025FF54BD007B2295 /* Release */ = {
			isa = XCBuildConfiguration;
			buildSettings = {
				ALWAYS_SEARCH_USER_PATHS = NO;
				CLANG_ANALYZER_NONNULL = YES;
				CLANG_ANALYZER_NUMBER_OBJECT_CONVERSION = YES_AGGRESSIVE;
				CLANG_CXX_LANGUAGE_STANDARD = "gnu++14";
				CLANG_CXX_LIBRARY = "libc++";
				CLANG_ENABLE_MODULES = YES;
				CLANG_ENABLE_OBJC_ARC = YES;
				CLANG_ENABLE_OBJC_WEAK = YES;
				CLANG_WARN_BLOCK_CAPTURE_AUTORELEASING = YES;
				CLANG_WARN_BOOL_CONVERSION = YES;
				CLANG_WARN_COMMA = YES;
				CLANG_WARN_CONSTANT_CONVERSION = YES;
				CLANG_WARN_DEPRECATED_OBJC_IMPLEMENTATIONS = YES;
				CLANG_WARN_DIRECT_OBJC_ISA_USAGE = YES_ERROR;
				CLANG_WARN_DOCUMENTATION_COMMENTS = YES;
				CLANG_WARN_EMPTY_BODY = YES;
				CLANG_WARN_ENUM_CONVERSION = YES;
				CLANG_WARN_INFINITE_RECURSION = YES;
				CLANG_WARN_INT_CONVERSION = YES;
				CLANG_WARN_NON_LITERAL_NULL_CONVERSION = YES;
				CLANG_WARN_OBJC_IMPLICIT_RETAIN_SELF = YES;
				CLANG_WARN_OBJC_LITERAL_CONVERSION = YES;
				CLANG_WARN_OBJC_ROOT_CLASS = YES_ERROR;
				CLANG_WARN_RANGE_LOOP_ANALYSIS = YES;
				CLANG_WARN_STRICT_PROTOTYPES = YES;
				CLANG_WARN_SUSPICIOUS_MOVE = YES;
				CLANG_WARN_UNGUARDED_AVAILABILITY = YES_AGGRESSIVE;
				CLANG_WARN_UNREACHABLE_CODE = YES;
				CLANG_WARN__DUPLICATE_METHOD_MATCH = YES;
				COPY_PHASE_STRIP = NO;
				DEBUG_INFORMATION_FORMAT = "dwarf-with-dsym";
				ENABLE_NS_ASSERTIONS = NO;
				ENABLE_STRICT_OBJC_MSGSEND = YES;
				GCC_C_LANGUAGE_STANDARD = gnu11;
				GCC_NO_COMMON_BLOCKS = YES;
				GCC_WARN_64_TO_32_BIT_CONVERSION = YES;
				GCC_WARN_ABOUT_RETURN_TYPE = YES_ERROR;
				GCC_WARN_UNDECLARED_SELECTOR = YES;
				GCC_WARN_UNINITIALIZED_AUTOS = YES_AGGRESSIVE;
				GCC_WARN_UNUSED_FUNCTION = YES;
				GCC_WARN_UNUSED_VARIABLE = YES;
				IPHONEOS_DEPLOYMENT_TARGET = 13.7;
				MTL_ENABLE_DEBUG_INFO = NO;
				MTL_FAST_MATH = YES;
				SDKROOT = iphoneos;
				SWIFT_COMPILATION_MODE = wholemodule;
				SWIFT_OPTIMIZATION_LEVEL = "-O";
				VALIDATE_PRODUCT = YES;
			};
			name = Release;
		};
		100C7DE225FF54BD007B2295 /* Debug */ = {
			isa = XCBuildConfiguration;
			buildSettings = {
				ASSETCATALOG_COMPILER_APPICON_NAME = AppIcon;
				CODE_SIGN_STYLE = Automatic;
				INFOPLIST_FILE = TestSampleApp/Info.plist;
				LD_RUNPATH_SEARCH_PATHS = (
					"$(inherited)",
					"@executable_path/Frameworks",
				);
				PRODUCT_BUNDLE_IDENTIFIER = com.majimaji.TestSampleApp;
				PRODUCT_NAME = "$(TARGET_NAME)";
				SWIFT_VERSION = 5.0;
				TARGETED_DEVICE_FAMILY = "1,2";
			};
			name = Debug;
		};
		100C7DE325FF54BD007B2295 /* Release */ = {
			isa = XCBuildConfiguration;
			buildSettings = {
				ASSETCATALOG_COMPILER_APPICON_NAME = AppIcon;
				CODE_SIGN_STYLE = Automatic;
				INFOPLIST_FILE = TestSampleApp/Info.plist;
				LD_RUNPATH_SEARCH_PATHS = (
					"$(inherited)",
					"@executable_path/Frameworks",
				);
				PRODUCT_BUNDLE_IDENTIFIER = com.majimaji.TestSampleApp;
				PRODUCT_NAME = "$(TARGET_NAME)";
				SWIFT_VERSION = 5.0;
				TARGETED_DEVICE_FAMILY = "1,2";
			};
			name = Release;
		};
		100C7DE525FF54BD007B2295 /* Debug */ = {
			isa = XCBuildConfiguration;
			buildSettings = {
				ALWAYS_EMBED_SWIFT_STANDARD_LIBRARIES = YES;
				BUNDLE_LOADER = "$(TEST_HOST)";
				CODE_SIGN_STYLE = Automatic;
				INFOPLIST_FILE = TestSampleAppTests/Info.plist;
				IPHONEOS_DEPLOYMENT_TARGET = 13.7;
				LD_RUNPATH_SEARCH_PATHS = (
					"$(inherited)",
					"@executable_path/Frameworks",
					"@loader_path/Frameworks",
				);
				PRODUCT_BUNDLE_IDENTIFIER = com.majimaji.TestSampleAppTests;
				PRODUCT_NAME = "$(TARGET_NAME)";
				SWIFT_VERSION = 5.0;
				TARGETED_DEVICE_FAMILY = "1,2";
				TEST_HOST = "$(BUILT_PRODUCTS_DIR)/TestSampleApp.app/TestSampleApp";
			};
			name = Debug;
		};
		100C7DE625FF54BD007B2295 /* Release */ = {
			isa = XCBuildConfiguration;
			buildSettings = {
				ALWAYS_EMBED_SWIFT_STANDARD_LIBRARIES = YES;
				BUNDLE_LOADER = "$(TEST_HOST)";
				CODE_SIGN_STYLE = Automatic;
				INFOPLIST_FILE = TestSampleAppTests/Info.plist;
				IPHONEOS_DEPLOYMENT_TARGET = 13.7;
				LD_RUNPATH_SEARCH_PATHS = (
					"$(inherited)",
					"@executable_path/Frameworks",
					"@loader_path/Frameworks",
				);
				PRODUCT_BUNDLE_IDENTIFIER = com.majimaji.TestSampleAppTests;
				PRODUCT_NAME = "$(TARGET_NAME)";
				SWIFT_VERSION = 5.0;
				TARGETED_DEVICE_FAMILY = "1,2";
				TEST_HOST = "$(BUILT_PRODUCTS_DIR)/TestSampleApp.app/TestSampleApp";
			};
			name = Release;
		};
		100C7DE825FF54BD007B2295 /* Debug */ = {
			isa = XCBuildConfiguration;
			buildSettings = {
				ALWAYS_EMBED_SWIFT_STANDARD_LIBRARIES = YES;
				CODE_SIGN_STYLE = Automatic;
				INFOPLIST_FILE = TestSampleAppUITests/Info.plist;
				LD_RUNPATH_SEARCH_PATHS = (
					"$(inherited)",
					"@executable_path/Frameworks",
					"@loader_path/Frameworks",
				);
				PRODUCT_BUNDLE_IDENTIFIER = com.majimaji.TestSampleAppUITests;
				PRODUCT_NAME = "$(TARGET_NAME)";
				SWIFT_VERSION = 5.0;
				TARGETED_DEVICE_FAMILY = "1,2";
				TEST_TARGET_NAME = TestSampleApp;
			};
			name = Debug;
		};
		100C7DE925FF54BD007B2295 /* Release */ = {
			isa = XCBuildConfiguration;
			buildSettings = {
				ALWAYS_EMBED_SWIFT_STANDARD_LIBRARIES = YES;
				CODE_SIGN_STYLE = Automatic;
				INFOPLIST_FILE = TestSampleAppUITests/Info.plist;
				LD_RUNPATH_SEARCH_PATHS = (
					"$(inherited)",
					"@executable_path/Frameworks",
					"@loader_path/Frameworks",
				);
				PRODUCT_BUNDLE_IDENTIFIER = com.majimaji.TestSampleAppUITests;
				PRODUCT_NAME = "$(TARGET_NAME)";
				SWIFT_VERSION = 5.0;
				TARGETED_DEVICE_FAMILY = "1,2";
				TEST_TARGET_NAME = TestSampleApp;
			};
			name = Release;
		};
/* End XCBuildConfiguration section */

/* Begin XCConfigurationList section */
		100C7DB225FF54B4007B2295 /* Build configuration list for PBXProject "TestSampleApp" */ = {
			isa = XCConfigurationList;
			buildConfigurations = (
				100C7DDF25FF54BD007B2295 /* Debug */,
				100C7DE025FF54BD007B2295 /* Release */,
			);
			defaultConfigurationIsVisible = 0;
			defaultConfigurationName = Release;
		};
		100C7DE125FF54BD007B2295 /* Build configuration list for PBXNativeTarget "TestSampleApp" */ = {
			isa = XCConfigurationList;
			buildConfigurations = (
				100C7DE225FF54BD007B2295 /* Debug */,
				100C7DE325FF54BD007B2295 /* Release */,
			);
			defaultConfigurationIsVisible = 0;
			defaultConfigurationName = Release;
		};
		100C7DE425FF54BD007B2295 /* Build configuration list for PBXNativeTarget "TestSampleAppTests" */ = {
			isa = XCConfigurationList;
			buildConfigurations = (
				100C7DE525FF54BD007B2295 /* Debug */,
				100C7DE625FF54BD007B2295 /* Release */,
			);
			defaultConfigurationIsVisible = 0;
			defaultConfigurationName = Release;
		};
		100C7DE725FF54BD007B2295 /* Build configuration list for PBXNativeTarget "TestSampleAppUITests" */ = {
			isa = XCConfigurationList;
			buildConfigurations = (
				100C7DE825FF54BD007B2295 /* Debug */,
				100C7DE925FF54BD007B2295 /* Release */,
			);
			defaultConfigurationIsVisible = 0;
			defaultConfigurationName = Release;
		};
/* End XCConfigurationList section */

/* Begin XCRemoteSwiftPackageReference section */
		100C7E052603AED5007B2295 /* XCRemoteSwiftPackageReference "OHHTTPStubs" */ = {
			isa = XCRemoteSwiftPackageReference;
			repositoryURL = "https://github.com/AliSoftware/OHHTTPStubs";
			requirement = {
				kind = upToNextMajorVersion;
				minimumVersion = 9.1.0;
			};
		};
		10F8469A26048712005948E1 /* XCRemoteSwiftPackageReference "Quick" */ = {
			isa = XCRemoteSwiftPackageReference;
			repositoryURL = "https://github.com/Quick/Quick";
			requirement = {
				kind = upToNextMajorVersion;
				minimumVersion = 3.1.2;
			};
		};
		10F8469D260487E9005948E1 /* XCRemoteSwiftPackageReference "Nimble" */ = {
			isa = XCRemoteSwiftPackageReference;
			repositoryURL = "https://github.com/Quick/Nimble";
			requirement = {
				kind = upToNextMajorVersion;
				minimumVersion = 9.0.0;
			};
		};
/* End XCRemoteSwiftPackageReference section */

/* Begin XCSwiftPackageProductDependency section */
		100C7E062603AED5007B2295 /* OHHTTPStubsSwift */ = {
			isa = XCSwiftPackageProductDependency;
			package = 100C7E052603AED5007B2295 /* XCRemoteSwiftPackageReference "OHHTTPStubs" */;
			productName = OHHTTPStubsSwift;
		};
		100C7E082603AED5007B2295 /* OHHTTPStubs */ = {
			isa = XCSwiftPackageProductDependency;
			package = 100C7E052603AED5007B2295 /* XCRemoteSwiftPackageReference "OHHTTPStubs" */;
			productName = OHHTTPStubs;
		};
		10F8469B26048712005948E1 /* Quick */ = {
			isa = XCSwiftPackageProductDependency;
			package = 10F8469A26048712005948E1 /* XCRemoteSwiftPackageReference "Quick" */;
			productName = Quick;
		};
		10F8469E260487E9005948E1 /* Nimble */ = {
			isa = XCSwiftPackageProductDependency;
			package = 10F8469D260487E9005948E1 /* XCRemoteSwiftPackageReference "Nimble" */;
			productName = Nimble;
		};
/* End XCSwiftPackageProductDependency section */
	};
	rootObject = 100C7DAF25FF54B4007B2295 /* Project object */;
}
